
Microsoft Visual Studio Solution File, Format Version 12.00
Project("{2150E333-8FDC-42A3-9474-1A3956D46DE8}") = "Features", "Features", "{5420C211-C3C3-4F38-8EE7-0329010723A4}"
EndProject
Project("{2150E333-8FDC-42A3-9474-1A3956D46DE8}") = "Core", "Core", "{9AE9046D-6B0C-4A41-9421-D51FC8112276}"
EndProject
Project("{2150E333-8FDC-42A3-9474-1A3956D46DE8}") = "Issues", "Issues", "{809F4D7C-9B4F-4DDF-8A96-C3D519FAF4A0}"
EndProject
Project("{2150E333-8FDC-42A3-9474-1A3956D46DE8}") = "Users", "Users", "{5D2D4106-C22D-48E9-B6E7-F16DA0C02D33}"
EndProject
Project("{2150E333-8FDC-42A3-9474-1A3956D46DE8}") = "Infrastructure", "Infrastructure", "{8ACFFB76-54B0-4C1E-804B-5FEE4454BBB5}"
EndProject
Project("{FAE04EC0-301F-11D3-BF4B-00C04F79EFBC}") = "IssueTracker.Web.App", "IssueTracker.Web.App\IssueTracker.Web.App.csproj", "{B170DDD2-889C-4674-8360-0679D4C716DE}"
EndProject
Project("{FAE04EC0-301F-11D3-BF4B-00C04F79EFBC}") = "IssueTracker.Core.Domain", "IssueTracker.Core.Domain\IssueTracker.Core.Domain.csproj", "{F128F4DB-B358-41D5-A9B6-1502328E21FD}"
EndProject
Project("{FAE04EC0-301F-11D3-BF4B-00C04F79EFBC}") = "IssueTracker.Features.Issues.WebApi", "IssueTracker.Features.Issues.WebApi\IssueTracker.Features.Issues.WebApi.csproj", "{4FB11AB6-998B-488C-AD24-D432BFF63105}"
EndProject
Project("{FAE04EC0-301F-11D3-BF4B-00C04F79EFBC}") = "IssueTracker.Features.Issues.Domain", "IssueTracker.Features.Issues.Domain\IssueTracker.Features.Issues.Domain.csproj", "{9169AFD4-7861-4F2B-B166-08DF742DFCD0}"
EndProject
Project("{FAE04EC0-301F-11D3-BF4B-00C04F79EFBC}") = "IssueTracker.Features.Issues.Handlers", "IssueTracker.Features.Issues.Handlers\IssueTracker.Features.Issues.Handlers.csproj", "{ECB05A7E-F359-45B3-89C5-21903CE66767}"
EndProject
Project("{FAE04EC0-301F-11D3-BF4B-00C04F79EFBC}") = "IssueTracker.Core.WebApi", "IssueTracker.Core.WebApi\IssueTracker.Core.WebApi.csproj", "{8FF2C154-7F0A-43B2-968C-036D612554B6}"
EndProject
Project("{FAE04EC0-301F-11D3-BF4B-00C04F79EFBC}") = "IssueTracker.Core.Handlers", "IssueTracker.Core.Handlers\IssueTracker.Core.Handlers.csproj", "{76D95688-6848-4975-91F0-9FA4415ACB9D}"
EndProject
Global
	GlobalSection(SolutionConfigurationPlatforms) = preSolution
		Debug|Any CPU = Debug|Any CPU
		Release|Any CPU = Release|Any CPU
	EndGlobalSection
	GlobalSection(ProjectConfigurationPlatforms) = postSolution
		{B170DDD2-889C-4674-8360-0679D4C716DE}.Debug|Any CPU.ActiveCfg = Debug|Any CPU
		{B170DDD2-889C-4674-8360-0679D4C716DE}.Debug|Any CPU.Build.0 = Debug|Any CPU
		{B170DDD2-889C-4674-8360-0679D4C716DE}.Release|Any CPU.ActiveCfg = Release|Any CPU
		{B170DDD2-889C-4674-8360-0679D4C716DE}.Release|Any CPU.Build.0 = Release|Any CPU
		{F128F4DB-B358-41D5-A9B6-1502328E21FD}.Debug|Any CPU.ActiveCfg = Debug|Any CPU
		{F128F4DB-B358-41D5-A9B6-1502328E21FD}.Debug|Any CPU.Build.0 = Debug|Any CPU
		{F128F4DB-B358-41D5-A9B6-1502328E21FD}.Release|Any CPU.ActiveCfg = Release|Any CPU
		{F128F4DB-B358-41D5-A9B6-1502328E21FD}.Release|Any CPU.Build.0 = Release|Any CPU
		{4FB11AB6-998B-488C-AD24-D432BFF63105}.Debug|Any CPU.ActiveCfg = Debug|Any CPU
		{4FB11AB6-998B-488C-AD24-D432BFF63105}.Debug|Any CPU.Build.0 = Debug|Any CPU
		{4FB11AB6-998B-488C-AD24-D432BFF63105}.Release|Any CPU.ActiveCfg = Release|Any CPU
		{4FB11AB6-998B-488C-AD24-D432BFF63105}.Release|Any CPU.Build.0 = Release|Any CPU
		{9169AFD4-7861-4F2B-B166-08DF742DFCD0}.Debug|Any CPU.ActiveCfg = Debug|Any CPU
		{9169AFD4-7861-4F2B-B166-08DF742DFCD0}.Debug|Any CPU.Build.0 = Debug|Any CPU
		{9169AFD4-7861-4F2B-B166-08DF742DFCD0}.Release|Any CPU.ActiveCfg = Release|Any CPU
		{9169AFD4-7861-4F2B-B166-08DF742DFCD0}.Release|Any CPU.Build.0 = Release|Any CPU
		{ECB05A7E-F359-45B3-89C5-21903CE66767}.Debug|Any CPU.ActiveCfg = Debug|Any CPU
		{ECB05A7E-F359-45B3-89C5-21903CE66767}.Debug|Any CPU.Build.0 = Debug|Any CPU
		{ECB05A7E-F359-45B3-89C5-21903CE66767}.Release|Any CPU.ActiveCfg = Release|Any CPU
		{ECB05A7E-F359-45B3-89C5-21903CE66767}.Release|Any CPU.Build.0 = Release|Any CPU
		{8FF2C154-7F0A-43B2-968C-036D612554B6}.Debug|Any CPU.ActiveCfg = Debug|Any CPU
		{8FF2C154-7F0A-43B2-968C-036D612554B6}.Debug|Any CPU.Build.0 = Debug|Any CPU
		{8FF2C154-7F0A-43B2-968C-036D612554B6}.Release|Any CPU.ActiveCfg = Release|Any CPU
		{8FF2C154-7F0A-43B2-968C-036D612554B6}.Release|Any CPU.Build.0 = Release|Any CPU
		{76D95688-6848-4975-91F0-9FA4415ACB9D}.Debug|Any CPU.ActiveCfg = Debug|Any CPU
		{76D95688-6848-4975-91F0-9FA4415ACB9D}.Debug|Any CPU.Build.0 = Debug|Any CPU
		{76D95688-6848-4975-91F0-9FA4415ACB9D}.Release|Any CPU.ActiveCfg = Release|Any CPU
		{76D95688-6848-4975-91F0-9FA4415ACB9D}.Release|Any CPU.Build.0 = Release|Any CPU
	EndGlobalSection
	GlobalSection(NestedProjects) = preSolution
		{809F4D7C-9B4F-4DDF-8A96-C3D519FAF4A0} = {5420C211-C3C3-4F38-8EE7-0329010723A4}
		{5D2D4106-C22D-48E9-B6E7-F16DA0C02D33} = {5420C211-C3C3-4F38-8EE7-0329010723A4}
		{F128F4DB-B358-41D5-A9B6-1502328E21FD} = {9AE9046D-6B0C-4A41-9421-D51FC8112276}
		{4FB11AB6-998B-488C-AD24-D432BFF63105} = {809F4D7C-9B4F-4DDF-8A96-C3D519FAF4A0}
		{9169AFD4-7861-4F2B-B166-08DF742DFCD0} = {809F4D7C-9B4F-4DDF-8A96-C3D519FAF4A0}
		{ECB05A7E-F359-45B3-89C5-21903CE66767} = {809F4D7C-9B4F-4DDF-8A96-C3D519FAF4A0}
		{8FF2C154-7F0A-43B2-968C-036D612554B6} = {9AE9046D-6B0C-4A41-9421-D51FC8112276}
		{76D95688-6848-4975-91F0-9FA4415ACB9D} = {9AE9046D-6B0C-4A41-9421-D51FC8112276}
	EndGlobalSection
EndGlobal
